// !$*UTF8*$!
{
	archiveVersion = 1;
	classes = {
	};
	objectVersion = 50;
	objects = {

/* Begin PBXBuildFile section */
		873962F925461142006E61D8 /* AppDelegate.swift in Sources */ = {isa = PBXBuildFile; fileRef = 873962F825461142006E61D8 /* AppDelegate.swift */; };
		873962FB25461142006E61D8 /* SceneDelegate.swift in Sources */ = {isa = PBXBuildFile; fileRef = 873962FA25461142006E61D8 /* SceneDelegate.swift */; };
		873962FD25461142006E61D8 /* ViewController.swift in Sources */ = {isa = PBXBuildFile; fileRef = 873962FC25461142006E61D8 /* ViewController.swift */; };
		8739630025461142006E61D8 /* Main.storyboard in Resources */ = {isa = PBXBuildFile; fileRef = 873962FE25461142006E61D8 /* Main.storyboard */; };
		8739630225461143006E61D8 /* Assets.xcassets in Resources */ = {isa = PBXBuildFile; fileRef = 8739630125461143006E61D8 /* Assets.xcassets */; };
		8739630525461143006E61D8 /* LaunchScreen.storyboard in Resources */ = {isa = PBXBuildFile; fileRef = 8739630325461143006E61D8 /* LaunchScreen.storyboard */; };
		8739631025461143006E61D8 /* IbottaDevTestTests.swift in Sources */ = {isa = PBXBuildFile; fileRef = 8739630F25461143006E61D8 /* IbottaDevTestTests.swift */; };
		8739631B25461143006E61D8 /* IbottaDevTestUITests.swift in Sources */ = {isa = PBXBuildFile; fileRef = 8739631A25461143006E61D8 /* IbottaDevTestUITests.swift */; };
/* End PBXBuildFile section */

/* Begin PBXContainerItemProxy section */
		8739630C25461143006E61D8 /* PBXContainerItemProxy */ = {
			isa = PBXContainerItemProxy;
			containerPortal = 873962ED25461142006E61D8 /* Project object */;
			proxyType = 1;
			remoteGlobalIDString = 873962F425461142006E61D8;
			remoteInfo = IbottaDevTest;
		};
		8739631725461143006E61D8 /* PBXContainerItemProxy */ = {
			isa = PBXContainerItemProxy;
			containerPortal = 873962ED25461142006E61D8 /* Project object */;
			proxyType = 1;
			remoteGlobalIDString = 873962F425461142006E61D8;
			remoteInfo = IbottaDevTest;
		};
/* End PBXContainerItemProxy section */

/* Begin PBXFileReference section */
		873962F525461142006E61D8 /* IbottaDevTest.app */ = {isa = PBXFileReference; explicitFileType = wrapper.application; includeInIndex = 0; path = IbottaDevTest.app; sourceTree = BUILT_PRODUCTS_DIR; };
		873962F825461142006E61D8 /* AppDelegate.swift */ = {isa = PBXFileReference; lastKnownFileType = sourcecode.swift; path = AppDelegate.swift; sourceTree = "<group>"; };
		873962FA25461142006E61D8 /* SceneDelegate.swift */ = {isa = PBXFileReference; lastKnownFileType = sourcecode.swift; path = SceneDelegate.swift; sourceTree = "<group>"; };
		873962FC25461142006E61D8 /* ViewController.swift */ = {isa = PBXFileReference; lastKnownFileType = sourcecode.swift; path = ViewController.swift; sourceTree = "<group>"; };
		873962FF25461142006E61D8 /* Base */ = {isa = PBXFileReference; lastKnownFileType = file.storyboard; name = Base; path = Base.lproj/Main.storyboard; sourceTree = "<group>"; };
		8739630125461143006E61D8 /* Assets.xcassets */ = {isa = PBXFileReference; lastKnownFileType = folder.assetcatalog; path = Assets.xcassets; sourceTree = "<group>"; };
		8739630425461143006E61D8 /* Base */ = {isa = PBXFileReference; lastKnownFileType = file.storyboard; name = Base; path = Base.lproj/LaunchScreen.storyboard; sourceTree = "<group>"; };
		8739630625461143006E61D8 /* Info.plist */ = {isa = PBXFileReference; lastKnownFileType = text.plist.xml; path = Info.plist; sourceTree = "<group>"; };
		8739630B25461143006E61D8 /* IbottaDevTestTests.xctest */ = {isa = PBXFileReference; explicitFileType = wrapper.cfbundle; includeInIndex = 0; path = IbottaDevTestTests.xctest; sourceTree = BUILT_PRODUCTS_DIR; };
		8739630F25461143006E61D8 /* IbottaDevTestTests.swift */ = {isa = PBXFileReference; lastKnownFileType = sourcecode.swift; path = IbottaDevTestTests.swift; sourceTree = "<group>"; };
		8739631125461143006E61D8 /* Info.plist */ = {isa = PBXFileReference; lastKnownFileType = text.plist.xml; path = Info.plist; sourceTree = "<group>"; };
		8739631625461143006E61D8 /* IbottaDevTestUITests.xctest */ = {isa = PBXFileReference; explicitFileType = wrapper.cfbundle; includeInIndex = 0; path = IbottaDevTestUITests.xctest; sourceTree = BUILT_PRODUCTS_DIR; };
		8739631A25461143006E61D8 /* IbottaDevTestUITests.swift */ = {isa = PBXFileReference; lastKnownFileType = sourcecode.swift; path = IbottaDevTestUITests.swift; sourceTree = "<group>"; };
		8739631C25461143006E61D8 /* Info.plist */ = {isa = PBXFileReference; lastKnownFileType = text.plist.xml; path = Info.plist; sourceTree = "<group>"; };
/* End PBXFileReference section */

/* Begin PBXFrameworksBuildPhase section */
		873962F225461142006E61D8 /* Frameworks */ = {
			isa = PBXFrameworksBuildPhase;
			buildActionMask = 2147483647;
			files = (
			);
			runOnlyForDeploymentPostprocessing = 0;
		};
		8739630825461143006E61D8 /* Frameworks */ = {
			isa = PBXFrameworksBuildPhase;
			buildActionMask = 2147483647;
			files = (
			);
			runOnlyForDeploymentPostprocessing = 0;
		};
		8739631325461143006E61D8 /* Frameworks */ = {
			isa = PBXFrameworksBuildPhase;
			buildActionMask = 2147483647;
			files = (
			);
			runOnlyForDeploymentPostprocessing = 0;
		};
/* End PBXFrameworksBuildPhase section */

/* Begin PBXGroup section */
		873962EC25461142006E61D8 = {
			isa = PBXGroup;
			children = (
				873962F725461142006E61D8 /* IbottaDevTest */,
				8739630E25461143006E61D8 /* IbottaDevTestTests */,
				8739631925461143006E61D8 /* IbottaDevTestUITests */,
				873962F625461142006E61D8 /* Products */,
			);
			sourceTree = "<group>";
		};
		873962F625461142006E61D8 /* Products */ = {
			isa = PBXGroup;
			children = (
				873962F525461142006E61D8 /* IbottaDevTest.app */,
				8739630B25461143006E61D8 /* IbottaDevTestTests.xctest */,
				8739631625461143006E61D8 /* IbottaDevTestUITests.xctest */,
			);
			name = Products;
			sourceTree = "<group>";
		};
		873962F725461142006E61D8 /* IbottaDevTest */ = {
			isa = PBXGroup;
			children = (
				873962F825461142006E61D8 /* AppDelegate.swift */,
				873962FA25461142006E61D8 /* SceneDelegate.swift */,
				873962FC25461142006E61D8 /* ViewController.swift */,
				873962FE25461142006E61D8 /* Main.storyboard */,
				8739630125461143006E61D8 /* Assets.xcassets */,
				8739630325461143006E61D8 /* LaunchScreen.storyboard */,
				8739630625461143006E61D8 /* Info.plist */,
			);
			path = IbottaDevTest;
			sourceTree = "<group>";
		};
		8739630E25461143006E61D8 /* IbottaDevTestTests */ = {
			isa = PBXGroup;
			children = (
				8739630F25461143006E61D8 /* IbottaDevTestTests.swift */,
				8739631125461143006E61D8 /* Info.plist */,
			);
			path = IbottaDevTestTests;
			sourceTree = "<group>";
		};
		8739631925461143006E61D8 /* IbottaDevTestUITests */ = {
			isa = PBXGroup;
			children = (
				8739631A25461143006E61D8 /* IbottaDevTestUITests.swift */,
				8739631C25461143006E61D8 /* Info.plist */,
			);
			path = IbottaDevTestUITests;
			sourceTree = "<group>";
		};
/* End PBXGroup section */

/* Begin PBXNativeTarget section */
		873962F425461142006E61D8 /* IbottaDevTest */ = {
			isa = PBXNativeTarget;
			buildConfigurationList = 8739631F25461143006E61D8 /* Build configuration list for PBXNativeTarget "IbottaDevTest" */;
			buildPhases = (
				873962F125461142006E61D8 /* Sources */,
				873962F225461142006E61D8 /* Frameworks */,
				873962F325461142006E61D8 /* Resources */,
			);
			buildRules = (
			);
			dependencies = (
			);
			name = IbottaDevTest;
			productName = IbottaDevTest;
			productReference = 873962F525461142006E61D8 /* IbottaDevTest.app */;
			productType = "com.apple.product-type.application";
		};
		8739630A25461143006E61D8 /* IbottaDevTestTests */ = {
			isa = PBXNativeTarget;
			buildConfigurationList = 8739632225461143006E61D8 /* Build configuration list for PBXNativeTarget "IbottaDevTestTests" */;
			buildPhases = (
				8739630725461143006E61D8 /* Sources */,
				8739630825461143006E61D8 /* Frameworks */,
				8739630925461143006E61D8 /* Resources */,
			);
			buildRules = (
			);
			dependencies = (
				8739630D25461143006E61D8 /* PBXTargetDependency */,
			);
			name = IbottaDevTestTests;
			productName = IbottaDevTestTests;
			productReference = 8739630B25461143006E61D8 /* IbottaDevTestTests.xctest */;
			productType = "com.apple.product-type.bundle.unit-test";
		};
		8739631525461143006E61D8 /* IbottaDevTestUITests */ = {
			isa = PBXNativeTarget;
			buildConfigurationList = 8739632525461143006E61D8 /* Build configuration list for PBXNativeTarget "IbottaDevTestUITests" */;
			buildPhases = (
				8739631225461143006E61D8 /* Sources */,
				8739631325461143006E61D8 /* Frameworks */,
				8739631425461143006E61D8 /* Resources */,
			);
			buildRules = (
			);
			dependencies = (
				8739631825461143006E61D8 /* PBXTargetDependency */,
			);
			name = IbottaDevTestUITests;
			productName = IbottaDevTestUITests;
			productReference = 8739631625461143006E61D8 /* IbottaDevTestUITests.xctest */;
			productType = "com.apple.product-type.bundle.ui-testing";
		};
/* End PBXNativeTarget section */

/* Begin PBXProject section */
		873962ED25461142006E61D8 /* Project object */ = {
			isa = PBXProject;
			attributes = {
				LastSwiftUpdateCheck = 1210;
				LastUpgradeCheck = 1210;
				TargetAttributes = {
					873962F425461142006E61D8 = {
						CreatedOnToolsVersion = 12.1;
					};
					8739630A25461143006E61D8 = {
						CreatedOnToolsVersion = 12.1;
						TestTargetID = 873962F425461142006E61D8;
					};
					8739631525461143006E61D8 = {
						CreatedOnToolsVersion = 12.1;
						TestTargetID = 873962F425461142006E61D8;
					};
				};
			};
			buildConfigurationList = 873962F025461142006E61D8 /* Build configuration list for PBXProject "IbottaDevTest" */;
			compatibilityVersion = "Xcode 9.3";
			developmentRegion = en;
			hasScannedForEncodings = 0;
			knownRegions = (
				en,
				Base,
			);
			mainGroup = 873962EC25461142006E61D8;
			productRefGroup = 873962F625461142006E61D8 /* Products */;
			projectDirPath = "";
			projectRoot = "";
			targets = (
				873962F425461142006E61D8 /* IbottaDevTest */,
				8739630A25461143006E61D8 /* IbottaDevTestTests */,
				8739631525461143006E61D8 /* IbottaDevTestUITests */,
			);
		};
/* End PBXProject section */

/* Begin PBXResourcesBuildPhase section */
		873962F325461142006E61D8 /* Resources */ = {
			isa = PBXResourcesBuildPhase;
			buildActionMask = 2147483647;
			files = (
				8739630525461143006E61D8 /* LaunchScreen.storyboard in Resources */,
				8739630225461143006E61D8 /* Assets.xcassets in Resources */,
				8739630025461142006E61D8 /* Main.storyboard in Resources */,
			);
			runOnlyForDeploymentPostprocessing = 0;
		};
		8739630925461143006E61D8 /* Resources */ = {
			isa = PBXResourcesBuildPhase;
			buildActionMask = 2147483647;
			files = (
			);
			runOnlyForDeploymentPostprocessing = 0;
		};
		8739631425461143006E61D8 /* Resources */ = {
			isa = PBXResourcesBuildPhase;
			buildActionMask = 2147483647;
			files = (
			);
			runOnlyForDeploymentPostprocessing = 0;
		};
/* End PBXResourcesBuildPhase section */

/* Begin PBXSourcesBuildPhase section */
		873962F125461142006E61D8 /* Sources */ = {
			isa = PBXSourcesBuildPhase;
			buildActionMask = 2147483647;
			files = (
				873962FD25461142006E61D8 /* ViewController.swift in Sources */,
				873962F925461142006E61D8 /* AppDelegate.swift in Sources */,
				873962FB25461142006E61D8 /* SceneDelegate.swift in Sources */,
			);
			runOnlyForDeploymentPostprocessing = 0;
		};
		8739630725461143006E61D8 /* Sources */ = {
			isa = PBXSourcesBuildPhase;
			buildActionMask = 2147483647;
			files = (
				8739631025461143006E61D8 /* IbottaDevTestTests.swift in Sources */,
			);
			runOnlyForDeploymentPostprocessing = 0;
		};
		8739631225461143006E61D8 /* Sources */ = {
			isa = PBXSourcesBuildPhase;
			buildActionMask = 2147483647;
			files = (
				8739631B25461143006E61D8 /* IbottaDevTestUITests.swift in Sources */,
			);
			runOnlyForDeploymentPostprocessing = 0;
		};
/* End PBXSourcesBuildPhase section */

/* Begin PBXTargetDependency section */
		8739630D25461143006E61D8 /* PBXTargetDependency */ = {
			isa = PBXTargetDependency;
			target = 873962F425461142006E61D8 /* IbottaDevTest */;
			targetProxy = 8739630C25461143006E61D8 /* PBXContainerItemProxy */;
		};
		8739631825461143006E61D8 /* PBXTargetDependency */ = {
			isa = PBXTargetDependency;
			target = 873962F425461142006E61D8 /* IbottaDevTest */;
			targetProxy = 8739631725461143006E61D8 /* PBXContainerItemProxy */;
		};
/* End PBXTargetDependency section */

/* Begin PBXVariantGroup section */
		873962FE25461142006E61D8 /* Main.storyboard */ = {
			isa = PBXVariantGroup;
			children = (
				873962FF25461142006E61D8 /* Base */,
			);
			name = Main.storyboard;
			sourceTree = "<group>";
		};
		8739630325461143006E61D8 /* LaunchScreen.storyboard */ = {
			isa = PBXVariantGroup;
			children = (
				8739630425461143006E61D8 /* Base */,
			);
			name = LaunchScreen.storyboard;
			sourceTree = "<group>";
		};
/* End PBXVariantGroup section */

/* Begin XCBuildConfiguration section */
		8739631D25461143006E61D8 /* Debug */ = {
			isa = XCBuildConfiguration;
			buildSettings = {
				ALWAYS_SEARCH_USER_PATHS = NO;
				CLANG_ANALYZER_NONNULL = YES;
				CLANG_ANALYZER_NUMBER_OBJECT_CONVERSION = YES_AGGRESSIVE;
				CLANG_CXX_LANGUAGE_STANDARD = "gnu++14";
				CLANG_CXX_LIBRARY = "libc++";
				CLANG_ENABLE_MODULES = YES;
				CLANG_ENABLE_OBJC_ARC = YES;
				CLANG_ENABLE_OBJC_WEAK = YES;
				CLANG_WARN_BLOCK_CAPTURE_AUTORELEASING = YES;
				CLANG_WARN_BOOL_CONVERSION = YES;
				CLANG_WARN_COMMA = YES;
				CLANG_WARN_CONSTANT_CONVERSION = YES;
				CLANG_WARN_DEPRECATED_OBJC_IMPLEMENTATIONS = YES;
				CLANG_WARN_DIRECT_OBJC_ISA_USAGE = YES_ERROR;
				CLANG_WARN_DOCUMENTATION_COMMENTS = YES;
				CLANG_WARN_EMPTY_BODY = YES;
				CLANG_WARN_ENUM_CONVERSION = YES;
				CLANG_WARN_INFINITE_RECURSION = YES;
				CLANG_WARN_INT_CONVERSION = YES;
				CLANG_WARN_NON_LITERAL_NULL_CONVERSION = YES;
				CLANG_WARN_OBJC_IMPLICIT_RETAIN_SELF = YES;
				CLANG_WARN_OBJC_LITERAL_CONVERSION = YES;
				CLANG_WARN_OBJC_ROOT_CLASS = YES_ERROR;
				CLANG_WARN_QUOTED_INCLUDE_IN_FRAMEWORK_HEADER = YES;
				CLANG_WARN_RANGE_LOOP_ANALYSIS = YES;
				CLANG_WARN_STRICT_PROTOTYPES = YES;
				CLANG_WARN_SUSPICIOUS_MOVE = YES;
				CLANG_WARN_UNGUARDED_AVAILABILITY = YES_AGGRESSIVE;
				CLANG_WARN_UNREACHABLE_CODE = YES;
				CLANG_WARN__DUPLICATE_METHOD_MATCH = YES;
				COPY_PHASE_STRIP = NO;
				DEBUG_INFORMATION_FORMAT = dwarf;
				ENABLE_STRICT_OBJC_MSGSEND = YES;
				ENABLE_TESTABILITY = YES;
				GCC_C_LANGUAGE_STANDARD = gnu11;
				GCC_DYNAMIC_NO_PIC = NO;
				GCC_NO_COMMON_BLOCKS = YES;
				GCC_OPTIMIZATION_LEVEL = 0;
				GCC_PREPROCESSOR_DEFINITIONS = (
					"DEBUG=1",
					"$(inherited)",
				);
				GCC_WARN_64_TO_32_BIT_CONVERSION = YES;
				GCC_WARN_ABOUT_RETURN_TYPE = YES_ERROR;
				GCC_WARN_UNDECLARED_SELECTOR = YES;
				GCC_WARN_UNINITIALIZED_AUTOS = YES_AGGRESSIVE;
				GCC_WARN_UNUSED_FUNCTION = YES;
				GCC_WARN_UNUSED_VARIABLE = YES;
				IPHONEOS_DEPLOYMENT_TARGET = 14.1;
				MTL_ENABLE_DEBUG_INFO = INCLUDE_SOURCE;
				MTL_FAST_MATH = YES;
				ONLY_ACTIVE_ARCH = YES;
				SDKROOT = iphoneos;
				SWIFT_ACTIVE_COMPILATION_CONDITIONS = DEBUG;
				SWIFT_OPTIMIZATION_LEVEL = "-Onone";
			};
			name = Debug;
		};
		8739631E25461143006E61D8 /* Release */ = {
			isa = XCBuildConfiguration;
			buildSettings = {
				ALWAYS_SEARCH_USER_PATHS = NO;
				CLANG_ANALYZER_NONNULL = YES;
				CLANG_ANALYZER_NUMBER_OBJECT_CONVERSION = YES_AGGRESSIVE;
				CLANG_CXX_LANGUAGE_STANDARD = "gnu++14";
				CLANG_CXX_LIBRARY = "libc++";
				CLANG_ENABLE_MODULES = YES;
				CLANG_ENABLE_OBJC_ARC = YES;
				CLANG_ENABLE_OBJC_WEAK = YES;
				CLANG_WARN_BLOCK_CAPTURE_AUTORELEASING = YES;
				CLANG_WARN_BOOL_CONVERSION = YES;
				CLANG_WARN_COMMA = YES;
				CLANG_WARN_CONSTANT_CONVERSION = YES;
				CLANG_WARN_DEPRECATED_OBJC_IMPLEMENTATIONS = YES;
				CLANG_WARN_DIRECT_OBJC_ISA_USAGE = YES_ERROR;
				CLANG_WARN_DOCUMENTATION_COMMENTS = YES;
				CLANG_WARN_EMPTY_BODY = YES;
				CLANG_WARN_ENUM_CONVERSION = YES;
				CLANG_WARN_INFINITE_RECURSION = YES;
				CLANG_WARN_INT_CONVERSION = YES;
				CLANG_WARN_NON_LITERAL_NULL_CONVERSION = YES;
				CLANG_WARN_OBJC_IMPLICIT_RETAIN_SELF = YES;
				CLANG_WARN_OBJC_LITERAL_CONVERSION = YES;
				CLANG_WARN_OBJC_ROOT_CLASS = YES_ERROR;
				CLANG_WARN_QUOTED_INCLUDE_IN_FRAMEWORK_HEADER = YES;
				CLANG_WARN_RANGE_LOOP_ANALYSIS = YES;
				CLANG_WARN_STRICT_PROTOTYPES = YES;
				CLANG_WARN_SUSPICIOUS_MOVE = YES;
				CLANG_WARN_UNGUARDED_AVAILABILITY = YES_AGGRESSIVE;
				CLANG_WARN_UNREACHABLE_CODE = YES;
				CLANG_WARN__DUPLICATE_METHOD_MATCH = YES;
				COPY_PHASE_STRIP = NO;
				DEBUG_INFORMATION_FORMAT = "dwarf-with-dsym";
				ENABLE_NS_ASSERTIONS = NO;
				ENABLE_STRICT_OBJC_MSGSEND = YES;
				GCC_C_LANGUAGE_STANDARD = gnu11;
				GCC_NO_COMMON_BLOCKS = YES;
				GCC_WARN_64_TO_32_BIT_CONVERSION = YES;
				GCC_WARN_ABOUT_RETURN_TYPE = YES_ERROR;
				GCC_WARN_UNDECLARED_SELECTOR = YES;
				GCC_WARN_UNINITIALIZED_AUTOS = YES_AGGRESSIVE;
				GCC_WARN_UNUSED_FUNCTION = YES;
				GCC_WARN_UNUSED_VARIABLE = YES;
				IPHONEOS_DEPLOYMENT_TARGET = 14.1;
				MTL_ENABLE_DEBUG_INFO = NO;
				MTL_FAST_MATH = YES;
				SDKROOT = iphoneos;
				SWIFT_COMPILATION_MODE = wholemodule;
				SWIFT_OPTIMIZATION_LEVEL = "-O";
				VALIDATE_PRODUCT = YES;
			};
			name = Release;
		};
		8739632025461143006E61D8 /* Debug */ = {
			isa = XCBuildConfiguration;
			buildSettings = {
				ASSETCATALOG_COMPILER_APPICON_NAME = AppIcon;
				ASSETCATALOG_COMPILER_GLOBAL_ACCENT_COLOR_NAME = AccentColor;
				CODE_SIGN_STYLE = Automatic;
				INFOPLIST_FILE = IbottaDevTest/Info.plist;
				LD_RUNPATH_SEARCH_PATHS = (
					"$(inherited)",
					"@executable_path/Frameworks",
				);
				PRODUCT_BUNDLE_IDENTIFIER = luqman.IbottaDevTest;
				PRODUCT_NAME = "$(TARGET_NAME)";
				SWIFT_VERSION = 5.0;
				TARGETED_DEVICE_FAMILY = "1,2";
			};
			name = Debug;
		};
		8739632125461143006E61D8 /* Release */ = {
			isa = XCBuildConfiguration;
			buildSettings = {
				ASSETCATALOG_COMPILER_APPICON_NAME = AppIcon;
				ASSETCATALOG_COMPILER_GLOBAL_ACCENT_COLOR_NAME = AccentColor;
				CODE_SIGN_STYLE = Automatic;
				INFOPLIST_FILE = IbottaDevTest/Info.plist;
				LD_RUNPATH_SEARCH_PATHS = (
					"$(inherited)",
					"@executable_path/Frameworks",
				);
				PRODUCT_BUNDLE_IDENTIFIER = luqman.IbottaDevTest;
				PRODUCT_NAME = "$(TARGET_NAME)";
				SWIFT_VERSION = 5.0;
				TARGETED_DEVICE_FAMILY = "1,2";
			};
			name = Release;
		};
		8739632325461143006E61D8 /* Debug */ = {
			isa = XCBuildConfiguration;
			buildSettings = {
				ALWAYS_EMBED_SWIFT_STANDARD_LIBRARIES = YES;
				BUNDLE_LOADER = "$(TEST_HOST)";
				CODE_SIGN_STYLE = Automatic;
				INFOPLIST_FILE = IbottaDevTestTests/Info.plist;
				IPHONEOS_DEPLOYMENT_TARGET = 14.1;
				LD_RUNPATH_SEARCH_PATHS = (
					"$(inherited)",
					"@executable_path/Frameworks",
					"@loader_path/Frameworks",
				);
				PRODUCT_BUNDLE_IDENTIFIER = luqman.IbottaDevTestTests;
				PRODUCT_NAME = "$(TARGET_NAME)";
				SWIFT_VERSION = 5.0;
				TARGETED_DEVICE_FAMILY = "1,2";
				TEST_HOST = "$(BUILT_PRODUCTS_DIR)/IbottaDevTest.app/IbottaDevTest";
			};
			name = Debug;
		};
		8739632425461143006E61D8 /* Release */ = {
			isa = XCBuildConfiguration;
			buildSettings = {
				ALWAYS_EMBED_SWIFT_STANDARD_LIBRARIES = YES;
				BUNDLE_LOADER = "$(TEST_HOST)";
				CODE_SIGN_STYLE = Automatic;
				INFOPLIST_FILE = IbottaDevTestTests/Info.plist;
				IPHONEOS_DEPLOYMENT_TARGET = 14.1;
				LD_RUNPATH_SEARCH_PATHS = (
					"$(inherited)",
					"@executable_path/Frameworks",
					"@loader_path/Frameworks",
				);
				PRODUCT_BUNDLE_IDENTIFIER = luqman.IbottaDevTestTests;
				PRODUCT_NAME = "$(TARGET_NAME)";
				SWIFT_VERSION = 5.0;
				TARGETED_DEVICE_FAMILY = "1,2";
				TEST_HOST = "$(BUILT_PRODUCTS_DIR)/IbottaDevTest.app/IbottaDevTest";
			};
			name = Release;
		};
		8739632625461143006E61D8 /* Debug */ = {
			isa = XCBuildConfiguration;
			buildSettings = {
				ALWAYS_EMBED_SWIFT_STANDARD_LIBRARIES = YES;
				CODE_SIGN_STYLE = Automatic;
				INFOPLIST_FILE = IbottaDevTestUITests/Info.plist;
				LD_RUNPATH_SEARCH_PATHS = (
					"$(inherited)",
					"@executable_path/Frameworks",
					"@loader_path/Frameworks",
				);
				PRODUCT_BUNDLE_IDENTIFIER = luqman.IbottaDevTestUITests;
				PRODUCT_NAME = "$(TARGET_NAME)";
				SWIFT_VERSION = 5.0;
				TARGETED_DEVICE_FAMILY = "1,2";
				TEST_TARGET_NAME = IbottaDevTest;
			};
			name = Debug;
		};
		8739632725461143006E61D8 /* Release */ = {
			isa = XCBuildConfiguration;
			buildSettings = {
				ALWAYS_EMBED_SWIFT_STANDARD_LIBRARIES = YES;
				CODE_SIGN_STYLE = Automatic;
				INFOPLIST_FILE = IbottaDevTestUITests/Info.plist;
				LD_RUNPATH_SEARCH_PATHS = (
					"$(inherited)",
					"@executable_path/Frameworks",
					"@loader_path/Frameworks",
				);
				PRODUCT_BUNDLE_IDENTIFIER = luqman.IbottaDevTestUITests;
				PRODUCT_NAME = "$(TARGET_NAME)";
				SWIFT_VERSION = 5.0;
				TARGETED_DEVICE_FAMILY = "1,2";
				TEST_TARGET_NAME = IbottaDevTest;
			};
			name = Release;
		};
/* End XCBuildConfiguration section */

/* Begin XCConfigurationList section */
		873962F025461142006E61D8 /* Build configuration list for PBXProject "IbottaDevTest" */ = {
			isa = XCConfigurationList;
			buildConfigurations = (
				8739631D25461143006E61D8 /* Debug */,
				8739631E25461143006E61D8 /* Release */,
			);
			defaultConfigurationIsVisible = 0;
			defaultConfigurationName = Release;
		};
		8739631F25461143006E61D8 /* Build configuration list for PBXNativeTarget "IbottaDevTest" */ = {
			isa = XCConfigurationList;
			buildConfigurations = (
				8739632025461143006E61D8 /* Debug */,
				8739632125461143006E61D8 /* Release */,
			);
			defaultConfigurationIsVisible = 0;
			defaultConfigurationName = Release;
		};
		8739632225461143006E61D8 /* Build configuration list for PBXNativeTarget "IbottaDevTestTests" */ = {
			isa = XCConfigurationList;
			buildConfigurations = (
				8739632325461143006E61D8 /* Debug */,
				8739632425461143006E61D8 /* Release */,
			);
			defaultConfigurationIsVisible = 0;
			defaultConfigurationName = Release;
		};
		8739632525461143006E61D8 /* Build configuration list for PBXNativeTarget "IbottaDevTestUITests" */ = {
			isa = XCConfigurationList;
			buildConfigurations = (
				8739632625461143006E61D8 /* Debug */,
				8739632725461143006E61D8 /* Release */,
			);
			defaultConfigurationIsVisible = 0;
			defaultConfigurationName = Release;
		};
/* End XCConfigurationList section */
	};
	rootObject = 873962ED25461142006E61D8 /* Project object */;
}
